
Microsoft Visual Studio Solution File, Format Version 12.00
# Visual Studio 14
VisualStudioVersion = 14.0.25123.0
MinimumVisualStudioVersion = 10.0.40219.1
Project("{FAE04EC0-301F-11D3-BF4B-00C04F79EFBC}") = "ManilaTest", "ManilaTest\ManilaTest.csproj", "{D99AB5C8-4C37-4712-8F0A-532975BC2CD4}"
EndProject
Project("{2150E333-8FDC-42A3-9474-1A3956D46DE8}") = "PublishScripts", "PublishScripts", "{9584141C-1AEF-4CB3-9BCB-3F9C10848B13}"
EndProject
Project("{2150E333-8FDC-42A3-9474-1A3956D46DE8}") = "Scripts", "Scripts", "{F782E52D-8DA0-4890-B6E2-4D196B33683E}"
	ProjectSection(SolutionItems) = preProject
		PublishScripts\Scripts\Deploy-AzureResourceGroup.ps1 = PublishScripts\Scripts\Deploy-AzureResourceGroup.ps1
	EndProjectSection
EndProject
Project("{2150E333-8FDC-42A3-9474-1A3956D46DE8}") = "Templates", "Templates", "{B3F0BB01-F888-4645-81F3-E8A184F29069}"
	ProjectSection(SolutionItems) = preProject
		PublishScripts\Templates\ManilaTest.json = PublishScripts\Templates\ManilaTest.json
		PublishScripts\Templates\ManilaTest.param.dev.json = PublishScripts\Templates\ManilaTest.param.dev.json
	EndProjectSection
EndProject
Global
	GlobalSection(SolutionConfigurationPlatforms) = preSolution
		Debug|Any CPU = Debug|Any CPU
		Release|Any CPU = Release|Any CPU
	EndGlobalSection
	GlobalSection(ProjectConfigurationPlatforms) = postSolution
		{D99AB5C8-4C37-4712-8F0A-532975BC2CD4}.Debug|Any CPU.ActiveCfg = Debug|Any CPU
		{D99AB5C8-4C37-4712-8F0A-532975BC2CD4}.Debug|Any CPU.Build.0 = Debug|Any CPU
		{D99AB5C8-4C37-4712-8F0A-532975BC2CD4}.Release|Any CPU.ActiveCfg = Release|Any CPU
		{D99AB5C8-4C37-4712-8F0A-532975BC2CD4}.Release|Any CPU.Build.0 = Release|Any CPU
	EndGlobalSection
	GlobalSection(SolutionProperties) = preSolution
		HideSolutionNode = FALSE
	EndGlobalSection
	GlobalSection(NestedProjects) = preSolution
		{F782E52D-8DA0-4890-B6E2-4D196B33683E} = {9584141C-1AEF-4CB3-9BCB-3F9C10848B13}
		{B3F0BB01-F888-4645-81F3-E8A184F29069} = {9584141C-1AEF-4CB3-9BCB-3F9C10848B13}
	EndGlobalSection
EndGlobal
